
Microsoft Visual Studio Solution File, Format Version 12.00
# Visual Studio Version 17
VisualStudioVersion = 17.10.35122.118
MinimumVisualStudioVersion = 10.0.40219.1
Project("{2150E333-8FDC-42A3-9474-1A3956D46DE8}") = "src", "src", "{E362E188-3A48-4F04-A4E6-A89E1FEBF9D7}"
EndProject
Project("{2150E333-8FDC-42A3-9474-1A3956D46DE8}") = "tests", "tests", "{FE8CA433-C03E-421F-BE26-CC89F509A247}"
EndProject
Project("{FAE04EC0-301F-11D3-BF4B-00C04F79EFBC}") = "PetFamily.Volunteers.IntegrationTests", "tests\PetFamily.Volunteers.IntegrationTests\PetFamily.Volunteers.IntegrationTests.csproj", "{90FAD561-843A-4ACE-8172-117D0C3B003C}"
EndProject
Project("{FAE04EC0-301F-11D3-BF4B-00C04F79EFBC}") = "PetFamily.Domain.Volunteer.UnitTests", "tests\PetFamily.Domain.Volunteer.UnitTests\PetFamily.Domain.Volunteer.UnitTests.csproj", "{2DB971C5-6C53-4D05-8549-B9B4125EE013}"
EndProject
Project("{FAE04EC0-301F-11D3-BF4B-00C04F79EFBC}") = "PetFamily.Core", "src\Shared\PetFamily.Core\PetFamily.Core.csproj", "{35533386-E35E-465A-9602-F840861F1910}"
EndProject
Project("{2150E333-8FDC-42A3-9474-1A3956D46DE8}") = "Shared", "Shared", "{36D591C7-65C7-A0D1-1CBC-10CDE441BDC8}"
EndProject
Project("{2150E333-8FDC-42A3-9474-1A3956D46DE8}") = "Volunteers", "Volunteers", "{5BB1C6F5-032E-42BB-8F4E-A1E72099AF77}"
EndProject
Project("{2150E333-8FDC-42A3-9474-1A3956D46DE8}") = "Species", "Species", "{01C75B11-9CCA-4478-9E38-FE1AFD2C7546}"
EndProject
Project("{FAE04EC0-301F-11D3-BF4B-00C04F79EFBC}") = "PetFamily.Framework", "src\Shared\PetFamily.Framework\PetFamily.Framework.csproj", "{CEC0B0DE-E827-414D-872A-33CF3C893540}"
EndProject
Project("{FAE04EC0-301F-11D3-BF4B-00C04F79EFBC}") = "PetFamily.SharedKernel", "src\Shared\PetFamily.SharedKernel\PetFamily.SharedKernel.csproj", "{2EAE4DCD-35D0-45F5-AF1B-9615AD1BB6F3}"
EndProject
Project("{FAE04EC0-301F-11D3-BF4B-00C04F79EFBC}") = "PetFamily.Volunteers.Domain", "src\Volunteers\PetFamily.Volunteers.Domain\PetFamily.Volunteers.Domain.csproj", "{93191E77-66B5-462C-838F-EBC4CC3C5705}"
EndProject
Project("{FAE04EC0-301F-11D3-BF4B-00C04F79EFBC}") = "PetFamily.Volunteers.Application", "src\Volunteers\PetFamily.Volunteers.Application\PetFamily.Volunteers.Application.csproj", "{102A100F-A8A2-4DF2-A530-743412BD8472}"
EndProject
Project("{FAE04EC0-301F-11D3-BF4B-00C04F79EFBC}") = "PetFamily.Volunteers.Infrastructure", "src\Volunteers\PetFamily.Volunteers.Infrastructure\PetFamily.Volunteers.Infrastructure.csproj", "{7CB3C664-3812-4F3C-99B6-89CA9F8C2025}"
EndProject
Project("{FAE04EC0-301F-11D3-BF4B-00C04F79EFBC}") = "PetFamily.Volunteers.Contracts", "src\Volunteers\PetFamily.Volunteers.Contracts\PetFamily.Volunteers.Contracts.csproj", "{21BC1D3B-53C1-40A2-A927-DF11B9478383}"
EndProject
Project("{FAE04EC0-301F-11D3-BF4B-00C04F79EFBC}") = "PetFamily.Volunteers.Presentation", "src\Volunteers\PetFamily.Volunteers.Presentation\PetFamily.Volunteers.Presentation.csproj", "{0F9A6B88-4581-4B04-A2BA-43A1B1E89F81}"
EndProject
Project("{FAE04EC0-301F-11D3-BF4B-00C04F79EFBC}") = "PetFamily.Species.Domain", "src\Species\PetFamily.Species.Domain\PetFamily.Species.Domain.csproj", "{8A760007-B8E3-4212-8494-E26050D73B1F}"
EndProject
Project("{FAE04EC0-301F-11D3-BF4B-00C04F79EFBC}") = "PetFamily.Species.Application", "src\Species\PetFamily.Species.Application\PetFamily.Species.Application.csproj", "{6E2E87A5-7FF5-488E-B3C9-0EF809DA8708}"
EndProject
Project("{FAE04EC0-301F-11D3-BF4B-00C04F79EFBC}") = "PetFamily.Species.Infrastructure", "src\Species\PetFamily.Species.Infrastructure\PetFamily.Species.Infrastructure.csproj", "{B6ABA4F9-ED35-4CBD-BE82-A67E997EB3A0}"
EndProject
Project("{FAE04EC0-301F-11D3-BF4B-00C04F79EFBC}") = "PetFamily.Species.Contracts", "src\Species\PetFamily.Species.Contracts\PetFamily.Species.Contracts.csproj", "{66BC8F63-BC83-4A83-8C39-20E7BD5BC90C}"
EndProject
Project("{FAE04EC0-301F-11D3-BF4B-00C04F79EFBC}") = "PetFamily.Species.Presentation", "src\Species\PetFamily.Species.Presentation\PetFamily.Species.Presentation.csproj", "{AFB5F044-52AE-43DB-A9B5-8464FADF4AB2}"
EndProject
Project("{FAE04EC0-301F-11D3-BF4B-00C04F79EFBC}") = "PetFamily.Web", "src\PetFamily.Web\PetFamily.Web.csproj", "{A71CA0F7-E6F2-12A6-ECE2-767534855FF7}"
EndProject
Project("{E53339B2-1760-4266-BCC7-CA923CBCF16C}") = "docker-compose", "docker-compose.dcproj", "{81DDED9D-158B-E303-5F62-77A2896D2A5A}"
EndProject
Project("{2150E333-8FDC-42A3-9474-1A3956D46DE8}") = "Accounts", "Accounts", "{14D03923-9B02-4BFF-A504-0CB2A38CE714}"
EndProject
Project("{FAE04EC0-301F-11D3-BF4B-00C04F79EFBC}") = "PetFamily.Accounts.Domain", "src\Accounts\PetFamily.Accounts.Domain\PetFamily.Accounts.Domain.csproj", "{CCFACD9D-3465-4836-BC34-AA927098048E}"
EndProject
Project("{FAE04EC0-301F-11D3-BF4B-00C04F79EFBC}") = "PetFamily.Accounts.Application", "src\Accounts\PetFamily.Accounts.Application\PetFamily.Accounts.Application.csproj", "{5E93D3F3-854A-438D-B343-410A3F8F929F}"
EndProject
Project("{FAE04EC0-301F-11D3-BF4B-00C04F79EFBC}") = "PetFamily.Accounts.Infrastructure", "src\Accounts\PetFamily.Accounts.Infrastructure\PetFamily.Accounts.Infrastructure.csproj", "{08925F53-633E-4F7C-BA2E-6BD295D7B1CD}"
EndProject
Project("{FAE04EC0-301F-11D3-BF4B-00C04F79EFBC}") = "PetFamily.Accounts.Contracts", "src\Accounts\PetFamily.Accounts.Contracts\PetFamily.Accounts.Contracts.csproj", "{AB2D2897-CE77-4760-8B88-3FAE00D9A4ED}"
EndProject
Project("{FAE04EC0-301F-11D3-BF4B-00C04F79EFBC}") = "PetFamily.Accounts.Presentation", "src\Accounts\PetFamily.Accounts.Presentation\PetFamily.Accounts.Presentation.csproj", "{16D86D5A-B49F-49F5-82AB-C253404622A9}"
EndProject
Project("{2150E333-8FDC-42A3-9474-1A3956D46DE8}") = "VolunteerRequests", "VolunteerRequests", "{BD527D4C-7712-4B8E-85B5-EE028A346784}"
EndProject
Project("{FAE04EC0-301F-11D3-BF4B-00C04F79EFBC}") = "PetFamily.VolunteerRequests.Domain", "src\VolunteerRequests\PetFamily.VolunteerRequests.Domain\PetFamily.VolunteerRequests.Domain.csproj", "{E9A0B398-64E6-42C0-BEE2-BB557535E0D0}"
EndProject
Project("{FAE04EC0-301F-11D3-BF4B-00C04F79EFBC}") = "PetFamily.VolunteerRequests.Application", "src\VolunteerRequests\PetFamily.VolunteerRequests.Application\PetFamily.VolunteerRequests.Application.csproj", "{94B8FD52-F4E0-4FF7-BEA7-E2BA03C894F9}"
EndProject
Project("{FAE04EC0-301F-11D3-BF4B-00C04F79EFBC}") = "PetFamily.VolunteerRequests.Infrastructure", "src\VolunteerRequests\PetFamily.VolunteerRequests.Infrastructure\PetFamily.VolunteerRequests.Infrastructure.csproj", "{9928DC9D-83C1-49DF-9087-5ECC89732A6B}"
EndProject
Project("{FAE04EC0-301F-11D3-BF4B-00C04F79EFBC}") = "PetFamily.VolunteerRequests.Contracts", "src\VolunteerRequests\PetFamily.VolunteerRequests.Contracts\PetFamily.VolunteerRequests.Contracts.csproj", "{85D684A4-EAF9-4740-8A83-AAD668E1B0A5}"
EndProject
Project("{FAE04EC0-301F-11D3-BF4B-00C04F79EFBC}") = "PetFamily.VolunteerRequests.Presentation", "src\VolunteerRequests\PetFamily.VolunteerRequests.Presentation\PetFamily.VolunteerRequests.Presentation.csproj", "{43984DC1-3DF8-4B8C-B1EC-9AE4293DEB4C}"
EndProject
Project("{FAE04EC0-301F-11D3-BF4B-00C04F79EFBC}") = "PetFamily.Domain.VolunteerRequests.UnitTests", "tests\PetFamily.Domain.VolunteerRequests.UnitTests\PetFamily.Domain.VolunteerRequests.UnitTests.csproj", "{DE753B36-2D15-4251-8335-7AA40806A93C}"
EndProject
Global
	GlobalSection(SolutionConfigurationPlatforms) = preSolution
		Debug|Any CPU = Debug|Any CPU
		Release|Any CPU = Release|Any CPU
	EndGlobalSection
	GlobalSection(ProjectConfigurationPlatforms) = postSolution
		{90FAD561-843A-4ACE-8172-117D0C3B003C}.Debug|Any CPU.ActiveCfg = Debug|Any CPU
		{90FAD561-843A-4ACE-8172-117D0C3B003C}.Debug|Any CPU.Build.0 = Debug|Any CPU
		{90FAD561-843A-4ACE-8172-117D0C3B003C}.Release|Any CPU.ActiveCfg = Release|Any CPU
		{90FAD561-843A-4ACE-8172-117D0C3B003C}.Release|Any CPU.Build.0 = Release|Any CPU
		{2DB971C5-6C53-4D05-8549-B9B4125EE013}.Debug|Any CPU.ActiveCfg = Debug|Any CPU
		{2DB971C5-6C53-4D05-8549-B9B4125EE013}.Debug|Any CPU.Build.0 = Debug|Any CPU
		{2DB971C5-6C53-4D05-8549-B9B4125EE013}.Release|Any CPU.ActiveCfg = Release|Any CPU
		{2DB971C5-6C53-4D05-8549-B9B4125EE013}.Release|Any CPU.Build.0 = Release|Any CPU
		{35533386-E35E-465A-9602-F840861F1910}.Debug|Any CPU.ActiveCfg = Debug|Any CPU
		{35533386-E35E-465A-9602-F840861F1910}.Debug|Any CPU.Build.0 = Debug|Any CPU
		{35533386-E35E-465A-9602-F840861F1910}.Release|Any CPU.ActiveCfg = Release|Any CPU
		{35533386-E35E-465A-9602-F840861F1910}.Release|Any CPU.Build.0 = Release|Any CPU
		{CEC0B0DE-E827-414D-872A-33CF3C893540}.Debug|Any CPU.ActiveCfg = Debug|Any CPU
		{CEC0B0DE-E827-414D-872A-33CF3C893540}.Debug|Any CPU.Build.0 = Debug|Any CPU
		{CEC0B0DE-E827-414D-872A-33CF3C893540}.Release|Any CPU.ActiveCfg = Release|Any CPU
		{CEC0B0DE-E827-414D-872A-33CF3C893540}.Release|Any CPU.Build.0 = Release|Any CPU
		{2EAE4DCD-35D0-45F5-AF1B-9615AD1BB6F3}.Debug|Any CPU.ActiveCfg = Debug|Any CPU
		{2EAE4DCD-35D0-45F5-AF1B-9615AD1BB6F3}.Debug|Any CPU.Build.0 = Debug|Any CPU
		{2EAE4DCD-35D0-45F5-AF1B-9615AD1BB6F3}.Release|Any CPU.ActiveCfg = Release|Any CPU
		{2EAE4DCD-35D0-45F5-AF1B-9615AD1BB6F3}.Release|Any CPU.Build.0 = Release|Any CPU
		{93191E77-66B5-462C-838F-EBC4CC3C5705}.Debug|Any CPU.ActiveCfg = Debug|Any CPU
		{93191E77-66B5-462C-838F-EBC4CC3C5705}.Debug|Any CPU.Build.0 = Debug|Any CPU
		{93191E77-66B5-462C-838F-EBC4CC3C5705}.Release|Any CPU.ActiveCfg = Release|Any CPU
		{93191E77-66B5-462C-838F-EBC4CC3C5705}.Release|Any CPU.Build.0 = Release|Any CPU
		{102A100F-A8A2-4DF2-A530-743412BD8472}.Debug|Any CPU.ActiveCfg = Debug|Any CPU
		{102A100F-A8A2-4DF2-A530-743412BD8472}.Debug|Any CPU.Build.0 = Debug|Any CPU
		{102A100F-A8A2-4DF2-A530-743412BD8472}.Release|Any CPU.ActiveCfg = Release|Any CPU
		{102A100F-A8A2-4DF2-A530-743412BD8472}.Release|Any CPU.Build.0 = Release|Any CPU
		{7CB3C664-3812-4F3C-99B6-89CA9F8C2025}.Debug|Any CPU.ActiveCfg = Debug|Any CPU
		{7CB3C664-3812-4F3C-99B6-89CA9F8C2025}.Debug|Any CPU.Build.0 = Debug|Any CPU
		{7CB3C664-3812-4F3C-99B6-89CA9F8C2025}.Release|Any CPU.ActiveCfg = Release|Any CPU
		{7CB3C664-3812-4F3C-99B6-89CA9F8C2025}.Release|Any CPU.Build.0 = Release|Any CPU
		{21BC1D3B-53C1-40A2-A927-DF11B9478383}.Debug|Any CPU.ActiveCfg = Debug|Any CPU
		{21BC1D3B-53C1-40A2-A927-DF11B9478383}.Debug|Any CPU.Build.0 = Debug|Any CPU
		{21BC1D3B-53C1-40A2-A927-DF11B9478383}.Release|Any CPU.ActiveCfg = Release|Any CPU
		{21BC1D3B-53C1-40A2-A927-DF11B9478383}.Release|Any CPU.Build.0 = Release|Any CPU
		{0F9A6B88-4581-4B04-A2BA-43A1B1E89F81}.Debug|Any CPU.ActiveCfg = Debug|Any CPU
		{0F9A6B88-4581-4B04-A2BA-43A1B1E89F81}.Debug|Any CPU.Build.0 = Debug|Any CPU
		{0F9A6B88-4581-4B04-A2BA-43A1B1E89F81}.Release|Any CPU.ActiveCfg = Release|Any CPU
		{0F9A6B88-4581-4B04-A2BA-43A1B1E89F81}.Release|Any CPU.Build.0 = Release|Any CPU
		{8A760007-B8E3-4212-8494-E26050D73B1F}.Debug|Any CPU.ActiveCfg = Debug|Any CPU
		{8A760007-B8E3-4212-8494-E26050D73B1F}.Debug|Any CPU.Build.0 = Debug|Any CPU
		{8A760007-B8E3-4212-8494-E26050D73B1F}.Release|Any CPU.ActiveCfg = Release|Any CPU
		{8A760007-B8E3-4212-8494-E26050D73B1F}.Release|Any CPU.Build.0 = Release|Any CPU
		{6E2E87A5-7FF5-488E-B3C9-0EF809DA8708}.Debug|Any CPU.ActiveCfg = Debug|Any CPU
		{6E2E87A5-7FF5-488E-B3C9-0EF809DA8708}.Debug|Any CPU.Build.0 = Debug|Any CPU
		{6E2E87A5-7FF5-488E-B3C9-0EF809DA8708}.Release|Any CPU.ActiveCfg = Release|Any CPU
		{6E2E87A5-7FF5-488E-B3C9-0EF809DA8708}.Release|Any CPU.Build.0 = Release|Any CPU
		{B6ABA4F9-ED35-4CBD-BE82-A67E997EB3A0}.Debug|Any CPU.ActiveCfg = Debug|Any CPU
		{B6ABA4F9-ED35-4CBD-BE82-A67E997EB3A0}.Debug|Any CPU.Build.0 = Debug|Any CPU
		{B6ABA4F9-ED35-4CBD-BE82-A67E997EB3A0}.Release|Any CPU.ActiveCfg = Release|Any CPU
		{B6ABA4F9-ED35-4CBD-BE82-A67E997EB3A0}.Release|Any CPU.Build.0 = Release|Any CPU
		{66BC8F63-BC83-4A83-8C39-20E7BD5BC90C}.Debug|Any CPU.ActiveCfg = Debug|Any CPU
		{66BC8F63-BC83-4A83-8C39-20E7BD5BC90C}.Debug|Any CPU.Build.0 = Debug|Any CPU
		{66BC8F63-BC83-4A83-8C39-20E7BD5BC90C}.Release|Any CPU.ActiveCfg = Release|Any CPU
		{66BC8F63-BC83-4A83-8C39-20E7BD5BC90C}.Release|Any CPU.Build.0 = Release|Any CPU
		{AFB5F044-52AE-43DB-A9B5-8464FADF4AB2}.Debug|Any CPU.ActiveCfg = Debug|Any CPU
		{AFB5F044-52AE-43DB-A9B5-8464FADF4AB2}.Debug|Any CPU.Build.0 = Debug|Any CPU
		{AFB5F044-52AE-43DB-A9B5-8464FADF4AB2}.Release|Any CPU.ActiveCfg = Release|Any CPU
		{AFB5F044-52AE-43DB-A9B5-8464FADF4AB2}.Release|Any CPU.Build.0 = Release|Any CPU
		{A71CA0F7-E6F2-12A6-ECE2-767534855FF7}.Debug|Any CPU.ActiveCfg = Debug|Any CPU
		{A71CA0F7-E6F2-12A6-ECE2-767534855FF7}.Debug|Any CPU.Build.0 = Debug|Any CPU
		{A71CA0F7-E6F2-12A6-ECE2-767534855FF7}.Release|Any CPU.ActiveCfg = Release|Any CPU
		{A71CA0F7-E6F2-12A6-ECE2-767534855FF7}.Release|Any CPU.Build.0 = Release|Any CPU
		{81DDED9D-158B-E303-5F62-77A2896D2A5A}.Debug|Any CPU.ActiveCfg = Debug|Any CPU
		{81DDED9D-158B-E303-5F62-77A2896D2A5A}.Debug|Any CPU.Build.0 = Debug|Any CPU
		{81DDED9D-158B-E303-5F62-77A2896D2A5A}.Release|Any CPU.ActiveCfg = Release|Any CPU
		{81DDED9D-158B-E303-5F62-77A2896D2A5A}.Release|Any CPU.Build.0 = Release|Any CPU
		{CCFACD9D-3465-4836-BC34-AA927098048E}.Debug|Any CPU.ActiveCfg = Debug|Any CPU
		{CCFACD9D-3465-4836-BC34-AA927098048E}.Debug|Any CPU.Build.0 = Debug|Any CPU
		{CCFACD9D-3465-4836-BC34-AA927098048E}.Release|Any CPU.ActiveCfg = Release|Any CPU
		{CCFACD9D-3465-4836-BC34-AA927098048E}.Release|Any CPU.Build.0 = Release|Any CPU
		{5E93D3F3-854A-438D-B343-410A3F8F929F}.Debug|Any CPU.ActiveCfg = Debug|Any CPU
		{5E93D3F3-854A-438D-B343-410A3F8F929F}.Debug|Any CPU.Build.0 = Debug|Any CPU
		{5E93D3F3-854A-438D-B343-410A3F8F929F}.Release|Any CPU.ActiveCfg = Release|Any CPU
		{5E93D3F3-854A-438D-B343-410A3F8F929F}.Release|Any CPU.Build.0 = Release|Any CPU
		{08925F53-633E-4F7C-BA2E-6BD295D7B1CD}.Debug|Any CPU.ActiveCfg = Debug|Any CPU
		{08925F53-633E-4F7C-BA2E-6BD295D7B1CD}.Debug|Any CPU.Build.0 = Debug|Any CPU
		{08925F53-633E-4F7C-BA2E-6BD295D7B1CD}.Release|Any CPU.ActiveCfg = Release|Any CPU
		{08925F53-633E-4F7C-BA2E-6BD295D7B1CD}.Release|Any CPU.Build.0 = Release|Any CPU
		{AB2D2897-CE77-4760-8B88-3FAE00D9A4ED}.Debug|Any CPU.ActiveCfg = Debug|Any CPU
		{AB2D2897-CE77-4760-8B88-3FAE00D9A4ED}.Debug|Any CPU.Build.0 = Debug|Any CPU
		{AB2D2897-CE77-4760-8B88-3FAE00D9A4ED}.Release|Any CPU.ActiveCfg = Release|Any CPU
		{AB2D2897-CE77-4760-8B88-3FAE00D9A4ED}.Release|Any CPU.Build.0 = Release|Any CPU
		{16D86D5A-B49F-49F5-82AB-C253404622A9}.Debug|Any CPU.ActiveCfg = Debug|Any CPU
		{16D86D5A-B49F-49F5-82AB-C253404622A9}.Debug|Any CPU.Build.0 = Debug|Any CPU
		{16D86D5A-B49F-49F5-82AB-C253404622A9}.Release|Any CPU.ActiveCfg = Release|Any CPU
		{16D86D5A-B49F-49F5-82AB-C253404622A9}.Release|Any CPU.Build.0 = Release|Any CPU
		{E9A0B398-64E6-42C0-BEE2-BB557535E0D0}.Debug|Any CPU.ActiveCfg = Debug|Any CPU
		{E9A0B398-64E6-42C0-BEE2-BB557535E0D0}.Debug|Any CPU.Build.0 = Debug|Any CPU
		{E9A0B398-64E6-42C0-BEE2-BB557535E0D0}.Release|Any CPU.ActiveCfg = Release|Any CPU
		{E9A0B398-64E6-42C0-BEE2-BB557535E0D0}.Release|Any CPU.Build.0 = Release|Any CPU
		{94B8FD52-F4E0-4FF7-BEA7-E2BA03C894F9}.Debug|Any CPU.ActiveCfg = Debug|Any CPU
		{94B8FD52-F4E0-4FF7-BEA7-E2BA03C894F9}.Debug|Any CPU.Build.0 = Debug|Any CPU
		{94B8FD52-F4E0-4FF7-BEA7-E2BA03C894F9}.Release|Any CPU.ActiveCfg = Release|Any CPU
		{94B8FD52-F4E0-4FF7-BEA7-E2BA03C894F9}.Release|Any CPU.Build.0 = Release|Any CPU
		{9928DC9D-83C1-49DF-9087-5ECC89732A6B}.Debug|Any CPU.ActiveCfg = Debug|Any CPU
		{9928DC9D-83C1-49DF-9087-5ECC89732A6B}.Debug|Any CPU.Build.0 = Debug|Any CPU
		{9928DC9D-83C1-49DF-9087-5ECC89732A6B}.Release|Any CPU.ActiveCfg = Release|Any CPU
		{9928DC9D-83C1-49DF-9087-5ECC89732A6B}.Release|Any CPU.Build.0 = Release|Any CPU
		{85D684A4-EAF9-4740-8A83-AAD668E1B0A5}.Debug|Any CPU.ActiveCfg = Debug|Any CPU
		{85D684A4-EAF9-4740-8A83-AAD668E1B0A5}.Debug|Any CPU.Build.0 = Debug|Any CPU
		{85D684A4-EAF9-4740-8A83-AAD668E1B0A5}.Release|Any CPU.ActiveCfg = Release|Any CPU
		{85D684A4-EAF9-4740-8A83-AAD668E1B0A5}.Release|Any CPU.Build.0 = Release|Any CPU
		{43984DC1-3DF8-4B8C-B1EC-9AE4293DEB4C}.Debug|Any CPU.ActiveCfg = Debug|Any CPU
		{43984DC1-3DF8-4B8C-B1EC-9AE4293DEB4C}.Debug|Any CPU.Build.0 = Debug|Any CPU
		{43984DC1-3DF8-4B8C-B1EC-9AE4293DEB4C}.Release|Any CPU.ActiveCfg = Release|Any CPU
		{43984DC1-3DF8-4B8C-B1EC-9AE4293DEB4C}.Release|Any CPU.Build.0 = Release|Any CPU
		{DE753B36-2D15-4251-8335-7AA40806A93C}.Debug|Any CPU.ActiveCfg = Debug|Any CPU
		{DE753B36-2D15-4251-8335-7AA40806A93C}.Debug|Any CPU.Build.0 = Debug|Any CPU
		{DE753B36-2D15-4251-8335-7AA40806A93C}.Release|Any CPU.ActiveCfg = Release|Any CPU
		{DE753B36-2D15-4251-8335-7AA40806A93C}.Release|Any CPU.Build.0 = Release|Any CPU
	EndGlobalSection
	GlobalSection(SolutionProperties) = preSolution
		HideSolutionNode = FALSE
	EndGlobalSection
	GlobalSection(NestedProjects) = preSolution
		{90FAD561-843A-4ACE-8172-117D0C3B003C} = {FE8CA433-C03E-421F-BE26-CC89F509A247}
		{2DB971C5-6C53-4D05-8549-B9B4125EE013} = {FE8CA433-C03E-421F-BE26-CC89F509A247}
		{35533386-E35E-465A-9602-F840861F1910} = {36D591C7-65C7-A0D1-1CBC-10CDE441BDC8}
		{36D591C7-65C7-A0D1-1CBC-10CDE441BDC8} = {E362E188-3A48-4F04-A4E6-A89E1FEBF9D7}
		{5BB1C6F5-032E-42BB-8F4E-A1E72099AF77} = {E362E188-3A48-4F04-A4E6-A89E1FEBF9D7}
		{01C75B11-9CCA-4478-9E38-FE1AFD2C7546} = {E362E188-3A48-4F04-A4E6-A89E1FEBF9D7}
		{CEC0B0DE-E827-414D-872A-33CF3C893540} = {36D591C7-65C7-A0D1-1CBC-10CDE441BDC8}
		{2EAE4DCD-35D0-45F5-AF1B-9615AD1BB6F3} = {36D591C7-65C7-A0D1-1CBC-10CDE441BDC8}
		{93191E77-66B5-462C-838F-EBC4CC3C5705} = {5BB1C6F5-032E-42BB-8F4E-A1E72099AF77}
		{102A100F-A8A2-4DF2-A530-743412BD8472} = {5BB1C6F5-032E-42BB-8F4E-A1E72099AF77}
		{7CB3C664-3812-4F3C-99B6-89CA9F8C2025} = {5BB1C6F5-032E-42BB-8F4E-A1E72099AF77}
		{21BC1D3B-53C1-40A2-A927-DF11B9478383} = {5BB1C6F5-032E-42BB-8F4E-A1E72099AF77}
		{0F9A6B88-4581-4B04-A2BA-43A1B1E89F81} = {5BB1C6F5-032E-42BB-8F4E-A1E72099AF77}
		{8A760007-B8E3-4212-8494-E26050D73B1F} = {01C75B11-9CCA-4478-9E38-FE1AFD2C7546}
		{6E2E87A5-7FF5-488E-B3C9-0EF809DA8708} = {01C75B11-9CCA-4478-9E38-FE1AFD2C7546}
		{B6ABA4F9-ED35-4CBD-BE82-A67E997EB3A0} = {01C75B11-9CCA-4478-9E38-FE1AFD2C7546}
		{66BC8F63-BC83-4A83-8C39-20E7BD5BC90C} = {01C75B11-9CCA-4478-9E38-FE1AFD2C7546}
		{AFB5F044-52AE-43DB-A9B5-8464FADF4AB2} = {01C75B11-9CCA-4478-9E38-FE1AFD2C7546}
		{A71CA0F7-E6F2-12A6-ECE2-767534855FF7} = {E362E188-3A48-4F04-A4E6-A89E1FEBF9D7}
		{14D03923-9B02-4BFF-A504-0CB2A38CE714} = {E362E188-3A48-4F04-A4E6-A89E1FEBF9D7}
		{CCFACD9D-3465-4836-BC34-AA927098048E} = {14D03923-9B02-4BFF-A504-0CB2A38CE714}
		{5E93D3F3-854A-438D-B343-410A3F8F929F} = {14D03923-9B02-4BFF-A504-0CB2A38CE714}
		{08925F53-633E-4F7C-BA2E-6BD295D7B1CD} = {14D03923-9B02-4BFF-A504-0CB2A38CE714}
		{AB2D2897-CE77-4760-8B88-3FAE00D9A4ED} = {14D03923-9B02-4BFF-A504-0CB2A38CE714}
		{16D86D5A-B49F-49F5-82AB-C253404622A9} = {14D03923-9B02-4BFF-A504-0CB2A38CE714}
		{BD527D4C-7712-4B8E-85B5-EE028A346784} = {E362E188-3A48-4F04-A4E6-A89E1FEBF9D7}
		{E9A0B398-64E6-42C0-BEE2-BB557535E0D0} = {BD527D4C-7712-4B8E-85B5-EE028A346784}
		{94B8FD52-F4E0-4FF7-BEA7-E2BA03C894F9} = {BD527D4C-7712-4B8E-85B5-EE028A346784}
		{9928DC9D-83C1-49DF-9087-5ECC89732A6B} = {BD527D4C-7712-4B8E-85B5-EE028A346784}
		{85D684A4-EAF9-4740-8A83-AAD668E1B0A5} = {BD527D4C-7712-4B8E-85B5-EE028A346784}
		{43984DC1-3DF8-4B8C-B1EC-9AE4293DEB4C} = {BD527D4C-7712-4B8E-85B5-EE028A346784}
		{DE753B36-2D15-4251-8335-7AA40806A93C} = {FE8CA433-C03E-421F-BE26-CC89F509A247}
	EndGlobalSection
	GlobalSection(ExtensibilityGlobals) = postSolution
		SolutionGuid = {8B0A64B4-9387-42A2-B108-E98CEDD11722}
	EndGlobalSection
EndGlobal
